
Microsoft Visual Studio Solution File, Format Version 12.00
# Visual Studio 14
VisualStudioVersion = 14.0.25123.0
MinimumVisualStudioVersion = 10.0.40219.1
Project("{E24C65DC-7377-472B-9ABA-BC803B73C61A}") = "web", "web\", "{41C9F45A-0598-46FF-8497-407E7B4923DE}"
	ProjectSection(WebsiteProperties) = preProject
		TargetFrameworkMoniker = ".NETFramework,Version%3Dv4.0"
		ProjectReferences = "{84a16679-0f39-477b-8415-64ae86276c41}|AIS.dll;"
		Debug.AspNetCompiler.VirtualPath = "/web"
		Debug.AspNetCompiler.PhysicalPath = "web\"
		Debug.AspNetCompiler.TargetPath = "PrecompiledWeb\web\"
		Debug.AspNetCompiler.Updateable = "true"
		Debug.AspNetCompiler.ForceOverwrite = "true"
		Debug.AspNetCompiler.FixedNames = "false"
		Debug.AspNetCompiler.Debug = "True"
		Release.AspNetCompiler.VirtualPath = "/web"
		Release.AspNetCompiler.PhysicalPath = "web\"
		Release.AspNetCompiler.TargetPath = "PrecompiledWeb\web\"
		Release.AspNetCompiler.Updateable = "true"
		Release.AspNetCompiler.ForceOverwrite = "true"
		Release.AspNetCompiler.FixedNames = "false"
		Release.AspNetCompiler.Debug = "False"
		VWDPort = "62717"
	EndProjectSection
EndProject
Project("{FAE04EC0-301F-11D3-BF4B-00C04F79EFBC}") = "AIS", "ais\AIS.csproj", "{84A16679-0F39-477B-8415-64AE86276C41}"
EndProject
Global
	GlobalSection(SolutionConfigurationPlatforms) = preSolution
		Debug|Any CPU = Debug|Any CPU
		Debug|x86 = Debug|x86
		Release|Any CPU = Release|Any CPU
		Release|x86 = Release|x86
	EndGlobalSection
	GlobalSection(ProjectConfigurationPlatforms) = postSolution
		{41C9F45A-0598-46FF-8497-407E7B4923DE}.Debug|Any CPU.ActiveCfg = Debug|Any CPU
		{41C9F45A-0598-46FF-8497-407E7B4923DE}.Debug|x86.ActiveCfg = Debug|Any CPU
		{41C9F45A-0598-46FF-8497-407E7B4923DE}.Release|Any CPU.ActiveCfg = Debug|Any CPU
		{41C9F45A-0598-46FF-8497-407E7B4923DE}.Release|Any CPU.Build.0 = Debug|Any CPU
		{41C9F45A-0598-46FF-8497-407E7B4923DE}.Release|x86.ActiveCfg = Debug|Any CPU
		{84A16679-0F39-477B-8415-64AE86276C41}.Debug|Any CPU.ActiveCfg = Debug|Any CPU
		{84A16679-0F39-477B-8415-64AE86276C41}.Debug|Any CPU.Build.0 = Debug|Any CPU
		{84A16679-0F39-477B-8415-64AE86276C41}.Debug|x86.ActiveCfg = Debug|Any CPU
		{84A16679-0F39-477B-8415-64AE86276C41}.Release|Any CPU.ActiveCfg = Release|Any CPU
		{84A16679-0F39-477B-8415-64AE86276C41}.Release|Any CPU.Build.0 = Release|Any CPU
		{84A16679-0F39-477B-8415-64AE86276C41}.Release|x86.ActiveCfg = Release|Any CPU
	EndGlobalSection
	GlobalSection(SolutionProperties) = preSolution
		HideSolutionNode = FALSE
	EndGlobalSection
EndGlobal
